// !$*UTF8*$!
{
	archiveVersion = 1;
	classes = {
	};
	objectVersion = 46;
	objects = {

/* Begin PBXBuildFile section */
		CC60355C1C136EE4003ED664 /* Atomic.h in Headers */ = {isa = PBXBuildFile; fileRef = CC60355B1C136EE4003ED664 /* Atomic.h */; settings = {ATTRIBUTES = (Public, ); }; };
		CC6035731C136EF2003ED664 /* Atomic.swift in Sources */ = {isa = PBXBuildFile; fileRef = CC6035721C136EF2003ED664 /* Atomic.swift */; };
		CC649D681C14D6840085ADDE /* Atomic.swift in Sources */ = {isa = PBXBuildFile; fileRef = CC6035721C136EF2003ED664 /* Atomic.swift */; };
		CC649D701C14D8E90085ADDE /* AtomicTests.swift in Sources */ = {isa = PBXBuildFile; fileRef = CC649D6F1C14D8E90085ADDE /* AtomicTests.swift */; };
		CC649D721C14D8E90085ADDE /* Atomic.framework in Frameworks */ = {isa = PBXBuildFile; fileRef = CC649D501C14D6500085ADDE /* Atomic.framework */; };
/* End PBXBuildFile section */

/* Begin PBXContainerItemProxy section */
		CC649D731C14D8E90085ADDE /* PBXContainerItemProxy */ = {
			isa = PBXContainerItemProxy;
			containerPortal = CC60354F1C136EE4003ED664 /* Project object */;
			proxyType = 1;
			remoteGlobalIDString = CC649D4F1C14D6500085ADDE;
			remoteInfo = "Atomic-OSX";
		};
/* End PBXContainerItemProxy section */

/* Begin PBXFileReference section */
		CC6035581C136EE4003ED664 /* Atomic.framework */ = {isa = PBXFileReference; explicitFileType = wrapper.framework; includeInIndex = 0; path = Atomic.framework; sourceTree = BUILT_PRODUCTS_DIR; };
		CC60355B1C136EE4003ED664 /* Atomic.h */ = {isa = PBXFileReference; lastKnownFileType = sourcecode.c.h; path = Atomic.h; sourceTree = "<group>"; };
		CC60355D1C136EE4003ED664 /* Info.plist */ = {isa = PBXFileReference; lastKnownFileType = text.plist.xml; path = Info.plist; sourceTree = "<group>"; };
		CC6035721C136EF2003ED664 /* Atomic.swift */ = {isa = PBXFileReference; fileEncoding = 4; lastKnownFileType = sourcecode.swift; path = Atomic.swift; sourceTree = "<group>"; };
		CC649D501C14D6500085ADDE /* Atomic.framework */ = {isa = PBXFileReference; explicitFileType = wrapper.framework; includeInIndex = 0; path = Atomic.framework; sourceTree = BUILT_PRODUCTS_DIR; };
		CC649D6D1C14D8E90085ADDE /* AtomicTests.xctest */ = {isa = PBXFileReference; explicitFileType = wrapper.cfbundle; includeInIndex = 0; path = AtomicTests.xctest; sourceTree = BUILT_PRODUCTS_DIR; };
		CC649D6F1C14D8E90085ADDE /* AtomicTests.swift */ = {isa = PBXFileReference; lastKnownFileType = sourcecode.swift; path = AtomicTests.swift; sourceTree = "<group>"; };
		CC649D711C14D8E90085ADDE /* Info.plist */ = {isa = PBXFileReference; lastKnownFileType = text.plist.xml; path = Info.plist; sourceTree = "<group>"; };
/* End PBXFileReference section */

/* Begin PBXFrameworksBuildPhase section */
		CC6035541C136EE4003ED664 /* Frameworks */ = {
			isa = PBXFrameworksBuildPhase;
			buildActionMask = 2147483647;
			files = (
			);
			runOnlyForDeploymentPostprocessing = 0;
		};
		CC649D4C1C14D6500085ADDE /* Frameworks */ = {
			isa = PBXFrameworksBuildPhase;
			buildActionMask = 2147483647;
			files = (
			);
			runOnlyForDeploymentPostprocessing = 0;
		};
		CC649D6A1C14D8E90085ADDE /* Frameworks */ = {
			isa = PBXFrameworksBuildPhase;
			buildActionMask = 2147483647;
			files = (
				CC649D721C14D8E90085ADDE /* Atomic.framework in Frameworks */,
			);
			runOnlyForDeploymentPostprocessing = 0;
		};
/* End PBXFrameworksBuildPhase section */

/* Begin PBXGroup section */
		CC60354E1C136EE4003ED664 = {
			isa = PBXGroup;
			children = (
				CC60355A1C136EE4003ED664 /* Atomic */,
				CC649D6E1C14D8E90085ADDE /* AtomicTests */,
				CC6035591C136EE4003ED664 /* Products */,
			);
			sourceTree = "<group>";
		};
		CC6035591C136EE4003ED664 /* Products */ = {
			isa = PBXGroup;
			children = (
				CC6035581C136EE4003ED664 /* Atomic.framework */,
				CC649D501C14D6500085ADDE /* Atomic.framework */,
				CC649D6D1C14D8E90085ADDE /* AtomicTests.xctest */,
			);
			name = Products;
			sourceTree = "<group>";
		};
		CC60355A1C136EE4003ED664 /* Atomic */ = {
			isa = PBXGroup;
			children = (
				CC60355B1C136EE4003ED664 /* Atomic.h */,
				CC6035721C136EF2003ED664 /* Atomic.swift */,
				CC60355D1C136EE4003ED664 /* Info.plist */,
			);
			path = Atomic;
			sourceTree = "<group>";
		};
		CC649D6E1C14D8E90085ADDE /* AtomicTests */ = {
			isa = PBXGroup;
			children = (
				CC649D6F1C14D8E90085ADDE /* AtomicTests.swift */,
				CC649D711C14D8E90085ADDE /* Info.plist */,
			);
			path = AtomicTests;
			sourceTree = "<group>";
		};
/* End PBXGroup section */

/* Begin PBXHeadersBuildPhase section */
		CC6035551C136EE4003ED664 /* Headers */ = {
			isa = PBXHeadersBuildPhase;
			buildActionMask = 2147483647;
			files = (
				CC60355C1C136EE4003ED664 /* Atomic.h in Headers */,
			);
			runOnlyForDeploymentPostprocessing = 0;
		};
		CC649D4D1C14D6500085ADDE /* Headers */ = {
			isa = PBXHeadersBuildPhase;
			buildActionMask = 2147483647;
			files = (
			);
			runOnlyForDeploymentPostprocessing = 0;
		};
/* End PBXHeadersBuildPhase section */

/* Begin PBXNativeTarget section */
		CC6035571C136EE4003ED664 /* Atomic */ = {
			isa = PBXNativeTarget;
			buildConfigurationList = CC60356C1C136EE4003ED664 /* Build configuration list for PBXNativeTarget "Atomic" */;
			buildPhases = (
				CC6035531C136EE4003ED664 /* Sources */,
				CC6035541C136EE4003ED664 /* Frameworks */,
				CC6035551C136EE4003ED664 /* Headers */,
				CC6035561C136EE4003ED664 /* Resources */,
			);
			buildRules = (
			);
			dependencies = (
			);
			name = Atomic;
			productName = Atomic;
			productReference = CC6035581C136EE4003ED664 /* Atomic.framework */;
			productType = "com.apple.product-type.framework";
		};
		CC649D4F1C14D6500085ADDE /* Atomic-OSX */ = {
			isa = PBXNativeTarget;
			buildConfigurationList = CC649D651C14D6500085ADDE /* Build configuration list for PBXNativeTarget "Atomic-OSX" */;
			buildPhases = (
				CC649D4B1C14D6500085ADDE /* Sources */,
				CC649D4C1C14D6500085ADDE /* Frameworks */,
				CC649D4D1C14D6500085ADDE /* Headers */,
				CC649D4E1C14D6500085ADDE /* Resources */,
			);
			buildRules = (
			);
			dependencies = (
			);
			name = "Atomic-OSX";
			productName = "Atomic-OSX";
			productReference = CC649D501C14D6500085ADDE /* Atomic.framework */;
			productType = "com.apple.product-type.framework";
		};
		CC649D6C1C14D8E90085ADDE /* AtomicTests */ = {
			isa = PBXNativeTarget;
			buildConfigurationList = CC649D751C14D8E90085ADDE /* Build configuration list for PBXNativeTarget "AtomicTests" */;
			buildPhases = (
				CC649D691C14D8E90085ADDE /* Sources */,
				CC649D6A1C14D8E90085ADDE /* Frameworks */,
				CC649D6B1C14D8E90085ADDE /* Resources */,
			);
			buildRules = (
			);
			dependencies = (
				CC649D741C14D8E90085ADDE /* PBXTargetDependency */,
			);
			name = AtomicTests;
			productName = AtomicTests;
			productReference = CC649D6D1C14D8E90085ADDE /* AtomicTests.xctest */;
			productType = "com.apple.product-type.bundle.unit-test";
		};
/* End PBXNativeTarget section */

/* Begin PBXProject section */
		CC60354F1C136EE4003ED664 /* Project object */ = {
			isa = PBXProject;
			attributes = {
				LastSwiftUpdateCheck = 0710;
				LastUpgradeCheck = 0710;
				ORGANIZATIONNAME = "Adlai Holler";
				TargetAttributes = {
					CC6035571C136EE4003ED664 = {
						CreatedOnToolsVersion = 7.1.1;
					};
					CC649D4F1C14D6500085ADDE = {
						CreatedOnToolsVersion = 7.1.1;
					};
					CC649D6C1C14D8E90085ADDE = {
						CreatedOnToolsVersion = 7.1.1;
					};
				};
			};
			buildConfigurationList = CC6035521C136EE4003ED664 /* Build configuration list for PBXProject "Atomic" */;
			compatibilityVersion = "Xcode 3.2";
			developmentRegion = English;
			hasScannedForEncodings = 0;
			knownRegions = (
				en,
			);
			mainGroup = CC60354E1C136EE4003ED664;
			productRefGroup = CC6035591C136EE4003ED664 /* Products */;
			projectDirPath = "";
			projectRoot = "";
			targets = (
				CC6035571C136EE4003ED664 /* Atomic */,
				CC649D4F1C14D6500085ADDE /* Atomic-OSX */,
				CC649D6C1C14D8E90085ADDE /* AtomicTests */,
			);
		};
/* End PBXProject section */

/* Begin PBXResourcesBuildPhase section */
		CC6035561C136EE4003ED664 /* Resources */ = {
			isa = PBXResourcesBuildPhase;
			buildActionMask = 2147483647;
			files = (
			);
			runOnlyForDeploymentPostprocessing = 0;
		};
		CC649D4E1C14D6500085ADDE /* Resources */ = {
			isa = PBXResourcesBuildPhase;
			buildActionMask = 2147483647;
			files = (
			);
			runOnlyForDeploymentPostprocessing = 0;
		};
		CC649D6B1C14D8E90085ADDE /* Resources */ = {
			isa = PBXResourcesBuildPhase;
			buildActionMask = 2147483647;
			files = (
			);
			runOnlyForDeploymentPostprocessing = 0;
		};
/* End PBXResourcesBuildPhase section */

/* Begin PBXSourcesBuildPhase section */
		CC6035531C136EE4003ED664 /* Sources */ = {
			isa = PBXSourcesBuildPhase;
			buildActionMask = 2147483647;
			files = (
				CC6035731C136EF2003ED664 /* Atomic.swift in Sources */,
			);
			runOnlyForDeploymentPostprocessing = 0;
		};
		CC649D4B1C14D6500085ADDE /* Sources */ = {
			isa = PBXSourcesBuildPhase;
			buildActionMask = 2147483647;
			files = (
				CC649D681C14D6840085ADDE /* Atomic.swift in Sources */,
			);
			runOnlyForDeploymentPostprocessing = 0;
		};
		CC649D691C14D8E90085ADDE /* Sources */ = {
			isa = PBXSourcesBuildPhase;
			buildActionMask = 2147483647;
			files = (
				CC649D701C14D8E90085ADDE /* AtomicTests.swift in Sources */,
			);
			runOnlyForDeploymentPostprocessing = 0;
		};
/* End PBXSourcesBuildPhase section */

/* Begin PBXTargetDependency section */
		CC649D741C14D8E90085ADDE /* PBXTargetDependency */ = {
			isa = PBXTargetDependency;
			target = CC649D4F1C14D6500085ADDE /* Atomic-OSX */;
			targetProxy = CC649D731C14D8E90085ADDE /* PBXContainerItemProxy */;
		};
/* End PBXTargetDependency section */

/* Begin XCBuildConfiguration section */
		CC60356A1C136EE4003ED664 /* Debug */ = {
			isa = XCBuildConfiguration;
			buildSettings = {
				ALWAYS_SEARCH_USER_PATHS = NO;
				CLANG_CXX_LANGUAGE_STANDARD = "gnu++0x";
				CLANG_CXX_LIBRARY = "libc++";
				CLANG_ENABLE_MODULES = YES;
				CLANG_ENABLE_OBJC_ARC = YES;
				CLANG_WARN_BOOL_CONVERSION = YES;
				CLANG_WARN_CONSTANT_CONVERSION = YES;
				CLANG_WARN_DIRECT_OBJC_ISA_USAGE = YES_ERROR;
				CLANG_WARN_EMPTY_BODY = YES;
				CLANG_WARN_ENUM_CONVERSION = YES;
				CLANG_WARN_INT_CONVERSION = YES;
				CLANG_WARN_OBJC_ROOT_CLASS = YES_ERROR;
				CLANG_WARN_UNREACHABLE_CODE = YES;
				CLANG_WARN__DUPLICATE_METHOD_MATCH = YES;
				"CODE_SIGN_IDENTITY[sdk=iphoneos*]" = "iPhone Developer";
				COPY_PHASE_STRIP = NO;
				CURRENT_PROJECT_VERSION = 1;
				DEBUG_INFORMATION_FORMAT = dwarf;
				ENABLE_STRICT_OBJC_MSGSEND = YES;
				ENABLE_TESTABILITY = YES;
				GCC_C_LANGUAGE_STANDARD = gnu99;
				GCC_DYNAMIC_NO_PIC = NO;
				GCC_NO_COMMON_BLOCKS = YES;
				GCC_OPTIMIZATION_LEVEL = 0;
				GCC_PREPROCESSOR_DEFINITIONS = (
					"DEBUG=1",
					"$(inherited)",
				);
				GCC_WARN_64_TO_32_BIT_CONVERSION = YES;
				GCC_WARN_ABOUT_RETURN_TYPE = YES_ERROR;
				GCC_WARN_UNDECLARED_SELECTOR = YES;
				GCC_WARN_UNINITIALIZED_AUTOS = YES_AGGRESSIVE;
				GCC_WARN_UNUSED_FUNCTION = YES;
				GCC_WARN_UNUSED_VARIABLE = YES;
				IPHONEOS_DEPLOYMENT_TARGET = 8.0;
				MTL_ENABLE_DEBUG_INFO = YES;
				ONLY_ACTIVE_ARCH = YES;
				SDKROOT = iphoneos;
				SWIFT_OPTIMIZATION_LEVEL = "-Onone";
				TARGETED_DEVICE_FAMILY = "1,2";
				VERSIONING_SYSTEM = "apple-generic";
				VERSION_INFO_PREFIX = "";
			};
			name = Debug;
		};
		CC60356B1C136EE4003ED664 /* Release */ = {
			isa = XCBuildConfiguration;
			buildSettings = {
				ALWAYS_SEARCH_USER_PATHS = NO;
				CLANG_CXX_LANGUAGE_STANDARD = "gnu++0x";
				CLANG_CXX_LIBRARY = "libc++";
				CLANG_ENABLE_MODULES = YES;
				CLANG_ENABLE_OBJC_ARC = YES;
				CLANG_WARN_BOOL_CONVERSION = YES;
				CLANG_WARN_CONSTANT_CONVERSION = YES;
				CLANG_WARN_DIRECT_OBJC_ISA_USAGE = YES_ERROR;
				CLANG_WARN_EMPTY_BODY = YES;
				CLANG_WARN_ENUM_CONVERSION = YES;
				CLANG_WARN_INT_CONVERSION = YES;
				CLANG_WARN_OBJC_ROOT_CLASS = YES_ERROR;
				CLANG_WARN_UNREACHABLE_CODE = YES;
				CLANG_WARN__DUPLICATE_METHOD_MATCH = YES;
				"CODE_SIGN_IDENTITY[sdk=iphoneos*]" = "iPhone Developer";
				COPY_PHASE_STRIP = NO;
				CURRENT_PROJECT_VERSION = 1;
				DEBUG_INFORMATION_FORMAT = "dwarf-with-dsym";
				ENABLE_NS_ASSERTIONS = NO;
				ENABLE_STRICT_OBJC_MSGSEND = YES;
				GCC_C_LANGUAGE_STANDARD = gnu99;
				GCC_NO_COMMON_BLOCKS = YES;
				GCC_WARN_64_TO_32_BIT_CONVERSION = YES;
				GCC_WARN_ABOUT_RETURN_TYPE = YES_ERROR;
				GCC_WARN_UNDECLARED_SELECTOR = YES;
				GCC_WARN_UNINITIALIZED_AUTOS = YES_AGGRESSIVE;
				GCC_WARN_UNUSED_FUNCTION = YES;
				GCC_WARN_UNUSED_VARIABLE = YES;
				IPHONEOS_DEPLOYMENT_TARGET = 8.0;
				MTL_ENABLE_DEBUG_INFO = NO;
				SDKROOT = iphoneos;
				TARGETED_DEVICE_FAMILY = "1,2";
				VALIDATE_PRODUCT = YES;
				VERSIONING_SYSTEM = "apple-generic";
				VERSION_INFO_PREFIX = "";
			};
			name = Release;
		};
		CC60356D1C136EE4003ED664 /* Debug */ = {
			isa = XCBuildConfiguration;
			buildSettings = {
				CLANG_ENABLE_MODULES = YES;
				DEFINES_MODULE = YES;
				DYLIB_COMPATIBILITY_VERSION = 1;
				DYLIB_CURRENT_VERSION = 1;
				DYLIB_INSTALL_NAME_BASE = "@rpath";
				INFOPLIST_FILE = Atomic/Info.plist;
				INSTALL_PATH = "$(LOCAL_LIBRARY_DIR)/Frameworks";
				LD_RUNPATH_SEARCH_PATHS = "$(inherited) @executable_path/Frameworks @loader_path/Frameworks";
				PRODUCT_BUNDLE_IDENTIFIER = adlai.Atomic;
				PRODUCT_NAME = "$(TARGET_NAME)";
				SKIP_INSTALL = YES;
				SWIFT_OPTIMIZATION_LEVEL = "-Onone";
			};
			name = Debug;
		};
		CC60356E1C136EE4003ED664 /* Release */ = {
			isa = XCBuildConfiguration;
			buildSettings = {
				CLANG_ENABLE_MODULES = YES;
				DEFINES_MODULE = YES;
				DYLIB_COMPATIBILITY_VERSION = 1;
				DYLIB_CURRENT_VERSION = 1;
				DYLIB_INSTALL_NAME_BASE = "@rpath";
				INFOPLIST_FILE = Atomic/Info.plist;
				INSTALL_PATH = "$(LOCAL_LIBRARY_DIR)/Frameworks";
				LD_RUNPATH_SEARCH_PATHS = "$(inherited) @executable_path/Frameworks @loader_path/Frameworks";
				PRODUCT_BUNDLE_IDENTIFIER = adlai.Atomic;
				PRODUCT_NAME = "$(TARGET_NAME)";
				SKIP_INSTALL = YES;
			};
			name = Release;
		};
		CC649D611C14D6500085ADDE /* Debug */ = {
			isa = XCBuildConfiguration;
			buildSettings = {
				CODE_SIGN_IDENTITY = "-";
				COMBINE_HIDPI_IMAGES = YES;
				DEFINES_MODULE = YES;
				DYLIB_COMPATIBILITY_VERSION = 1;
				DYLIB_CURRENT_VERSION = 1;
				DYLIB_INSTALL_NAME_BASE = "@rpath";
				FRAMEWORK_VERSION = A;
				INFOPLIST_FILE = "Atomic-OSX/Info.plist";
				INSTALL_PATH = "$(LOCAL_LIBRARY_DIR)/Frameworks";
				LD_RUNPATH_SEARCH_PATHS = "$(inherited) @executable_path/../Frameworks @loader_path/Frameworks";
				MACOSX_DEPLOYMENT_TARGET = 10.11;
				PRODUCT_BUNDLE_IDENTIFIER = "adlai.Atomic-OSX";
				PRODUCT_NAME = "$(PROJECT_NAME)";
				SDKROOT = macosx;
				SKIP_INSTALL = YES;
			};
			name = Debug;
		};
		CC649D621C14D6500085ADDE /* Release */ = {
			isa = XCBuildConfiguration;
			buildSettings = {
				CODE_SIGN_IDENTITY = "-";
				COMBINE_HIDPI_IMAGES = YES;
				DEFINES_MODULE = YES;
				DYLIB_COMPATIBILITY_VERSION = 1;
				DYLIB_CURRENT_VERSION = 1;
				DYLIB_INSTALL_NAME_BASE = "@rpath";
				FRAMEWORK_VERSION = A;
				INFOPLIST_FILE = "Atomic-OSX/Info.plist";
				INSTALL_PATH = "$(LOCAL_LIBRARY_DIR)/Frameworks";
				LD_RUNPATH_SEARCH_PATHS = "$(inherited) @executable_path/../Frameworks @loader_path/Frameworks";
				MACOSX_DEPLOYMENT_TARGET = 10.11;
				PRODUCT_BUNDLE_IDENTIFIER = "adlai.Atomic-OSX";
				PRODUCT_NAME = "$(PROJECT_NAME)";
				SDKROOT = macosx;
				SKIP_INSTALL = YES;
			};
			name = Release;
		};
		CC649D761C14D8E90085ADDE /* Debug */ = {
			isa = XCBuildConfiguration;
			buildSettings = {
				CODE_SIGN_IDENTITY = "-";
				COMBINE_HIDPI_IMAGES = YES;
				INFOPLIST_FILE = AtomicTests/Info.plist;
				LD_RUNPATH_SEARCH_PATHS = "$(inherited) @executable_path/../Frameworks @loader_path/../Frameworks";
				MACOSX_DEPLOYMENT_TARGET = 10.11;
				PRODUCT_BUNDLE_IDENTIFIER = adlai.AtomicTests;
				PRODUCT_NAME = "$(TARGET_NAME)";
				SDKROOT = macosx;
			};
			name = Debug;
		};
		CC649D771C14D8E90085ADDE /* Release */ = {
			isa = XCBuildConfiguration;
			buildSettings = {
				CODE_SIGN_IDENTITY = "-";
				COMBINE_HIDPI_IMAGES = YES;
				INFOPLIST_FILE = AtomicTests/Info.plist;
				LD_RUNPATH_SEARCH_PATHS = "$(inherited) @executable_path/../Frameworks @loader_path/../Frameworks";
				MACOSX_DEPLOYMENT_TARGET = 10.11;
				PRODUCT_BUNDLE_IDENTIFIER = adlai.AtomicTests;
				PRODUCT_NAME = "$(TARGET_NAME)";
				SDKROOT = macosx;
			};
			name = Release;
		};
/* End XCBuildConfiguration section */

/* Begin XCConfigurationList section */
		CC6035521C136EE4003ED664 /* Build configuration list for PBXProject "Atomic" */ = {
			isa = XCConfigurationList;
			buildConfigurations = (
				CC60356A1C136EE4003ED664 /* Debug */,
				CC60356B1C136EE4003ED664 /* Release */,
			);
			defaultConfigurationIsVisible = 0;
			defaultConfigurationName = Release;
		};
		CC60356C1C136EE4003ED664 /* Build configuration list for PBXNativeTarget "Atomic" */ = {
			isa = XCConfigurationList;
			buildConfigurations = (
				CC60356D1C136EE4003ED664 /* Debug */,
				CC60356E1C136EE4003ED664 /* Release */,
			);
			defaultConfigurationIsVisible = 0;
			defaultConfigurationName = Release;
		};
		CC649D651C14D6500085ADDE /* Build configuration list for PBXNativeTarget "Atomic-OSX" */ = {
			isa = XCConfigurationList;
			buildConfigurations = (
				CC649D611C14D6500085ADDE /* Debug */,
				CC649D621C14D6500085ADDE /* Release */,
			);
			defaultConfigurationIsVisible = 0;
		};
		CC649D751C14D8E90085ADDE /* Build configuration list for PBXNativeTarget "AtomicTests" */ = {
			isa = XCConfigurationList;
			buildConfigurations = (
				CC649D761C14D8E90085ADDE /* Debug */,
				CC649D771C14D8E90085ADDE /* Release */,
			);
			defaultConfigurationIsVisible = 0;
		};
/* End XCConfigurationList section */
	};
	rootObject = CC60354F1C136EE4003ED664 /* Project object */;
}
